Microsoft Visual Studio Solution File, Format Version 12.00
# Visual Studio Version 16
VisualStudioVersion = 16.0.31911.196
MinimumVisualStudioVersion = 10.0.40219.1
Project("{FAE04EC0-301F-11D3-BF4B-00C04F79EFBC}") = "IO.Swagger", "src\IO.Swagger\IO.Swagger.csproj", "{471BE58D-87B2-4365-893F-DA67F1EC9E6D}"
EndProject
Project("{FAE04EC0-301F-11D3-BF4B-00C04F79EFBC}") = "IO.Swagger.Test", "src\IO.Swagger.Test\IO.Swagger.Test.csproj", "{19F1DEBC-DE5E-4517-8062-F000CD499087}"
EndProject
Project("{FAE04EC0-301F-11D3-BF4B-00C04F79EFBC}") = "mycv", "..\mycv\mycv.csproj", "{4D29BD1B-355F-45A6-B009-DDF334AFE353}"
	ProjectSection(ProjectDependencies) = postProject
		{2279EC4F-2238-49C7-B4E7-EC91623F640E} = {2279EC4F-2238-49C7-B4E7-EC91623F640E}
		{38CA4A51-9F17-4300-AFCA-64AA14959551} = {38CA4A51-9F17-4300-AFCA-64AA14959551}
		{471BE58D-87B2-4365-893F-DA67F1EC9E6D} = {471BE58D-87B2-4365-893F-DA67F1EC9E6D}
		{19F1DEBC-DE5E-4517-8062-F000CD499087} = {19F1DEBC-DE5E-4517-8062-F000CD499087}
	EndProjectSection
EndProject
Project("{FAE04EC0-301F-11D3-BF4B-00C04F79EFBC}") = "mycv_control", "..\mycv_control\mycv_control.csproj", "{2279EC4F-2238-49C7-B4E7-EC91623F640E}"
	ProjectSection(ProjectDependencies) = postProject
		{38CA4A51-9F17-4300-AFCA-64AA14959551} = {38CA4A51-9F17-4300-AFCA-64AA14959551}
		{471BE58D-87B2-4365-893F-DA67F1EC9E6D} = {471BE58D-87B2-4365-893F-DA67F1EC9E6D}
		{19F1DEBC-DE5E-4517-8062-F000CD499087} = {19F1DEBC-DE5E-4517-8062-F000CD499087}
	EndProjectSection
EndProject
Project("{FAE04EC0-301F-11D3-BF4B-00C04F79EFBC}") = "mycv_service", "..\mycv_service\mycv_service.csproj", "{38CA4A51-9F17-4300-AFCA-64AA14959551}"
EndProject
Project("{FAE04EC0-301F-11D3-BF4B-00C04F79EFBC}") = "web_MYCV", "..\web_MYCV\web_MYCV.csproj", "{B2D99F99-173B-44D2-B284-4B48F75BFED2}"
	ProjectSection(ProjectDependencies) = postProject
		{4D29BD1B-355F-45A6-B009-DDF334AFE353} = {4D29BD1B-355F-45A6-B009-DDF334AFE353}
		{2279EC4F-2238-49C7-B4E7-EC91623F640E} = {2279EC4F-2238-49C7-B4E7-EC91623F640E}
		{38CA4A51-9F17-4300-AFCA-64AA14959551} = {38CA4A51-9F17-4300-AFCA-64AA14959551}
		{471BE58D-87B2-4365-893F-DA67F1EC9E6D} = {471BE58D-87B2-4365-893F-DA67F1EC9E6D}
		{19F1DEBC-DE5E-4517-8062-F000CD499087} = {19F1DEBC-DE5E-4517-8062-F000CD499087}
	EndProjectSection
EndProject
Global
	GlobalSection(SolutionConfigurationPlatforms) = preSolution
		Debug|Any CPU = Debug|Any CPU
		Release|Any CPU = Release|Any CPU
	EndGlobalSection
	GlobalSection(ProjectConfigurationPlatforms) = postSolution
		{471BE58D-87B2-4365-893F-DA67F1EC9E6D}.Debug|Any CPU.ActiveCfg = Debug|Any CPU
		{471BE58D-87B2-4365-893F-DA67F1EC9E6D}.Debug|Any CPU.Build.0 = Debug|Any CPU
		{471BE58D-87B2-4365-893F-DA67F1EC9E6D}.Release|Any CPU.ActiveCfg = Release|Any CPU
		{471BE58D-87B2-4365-893F-DA67F1EC9E6D}.Release|Any CPU.Build.0 = Release|Any CPU
		{19F1DEBC-DE5E-4517-8062-F000CD499087}.Debug|Any CPU.ActiveCfg = Debug|Any CPU
		{19F1DEBC-DE5E-4517-8062-F000CD499087}.Debug|Any CPU.Build.0 = Debug|Any CPU
		{19F1DEBC-DE5E-4517-8062-F000CD499087}.Release|Any CPU.ActiveCfg = Release|Any CPU
		{19F1DEBC-DE5E-4517-8062-F000CD499087}.Release|Any CPU.Build.0 = Release|Any CPU
		{4D29BD1B-355F-45A6-B009-DDF334AFE353}.Debug|Any CPU.ActiveCfg = Debug|Any CPU
		{4D29BD1B-355F-45A6-B009-DDF334AFE353}.Debug|Any CPU.Build.0 = Debug|Any CPU
		{4D29BD1B-355F-45A6-B009-DDF334AFE353}.Release|Any CPU.ActiveCfg = Release|Any CPU
		{4D29BD1B-355F-45A6-B009-DDF334AFE353}.Release|Any CPU.Build.0 = Release|Any CPU
		{2279EC4F-2238-49C7-B4E7-EC91623F640E}.Debug|Any CPU.ActiveCfg = Debug|Any CPU
		{2279EC4F-2238-49C7-B4E7-EC91623F640E}.Debug|Any CPU.Build.0 = Debug|Any CPU
		{2279EC4F-2238-49C7-B4E7-EC91623F640E}.Release|Any CPU.ActiveCfg = Release|Any CPU
		{2279EC4F-2238-49C7-B4E7-EC91623F640E}.Release|Any CPU.Build.0 = Release|Any CPU
		{38CA4A51-9F17-4300-AFCA-64AA14959551}.Debug|Any CPU.ActiveCfg = Debug|Any CPU
		{38CA4A51-9F17-4300-AFCA-64AA14959551}.Debug|Any CPU.Build.0 = Debug|Any CPU
		{38CA4A51-9F17-4300-AFCA-64AA14959551}.Release|Any CPU.ActiveCfg = Release|Any CPU
		{38CA4A51-9F17-4300-AFCA-64AA14959551}.Release|Any CPU.Build.0 = Release|Any CPU
		{B2D99F99-173B-44D2-B284-4B48F75BFED2}.Debug|Any CPU.ActiveCfg = Debug|Any CPU
		{B2D99F99-173B-44D2-B284-4B48F75BFED2}.Debug|Any CPU.Build.0 = Debug|Any CPU
		{B2D99F99-173B-44D2-B284-4B48F75BFED2}.Release|Any CPU.ActiveCfg = Release|Any CPU
		{B2D99F99-173B-44D2-B284-4B48F75BFED2}.Release|Any CPU.Build.0 = Release|Any CPU
	EndGlobalSection
	GlobalSection(SolutionProperties) = preSolution
		HideSolutionNode = FALSE
	EndGlobalSection
	GlobalSection(ExtensibilityGlobals) = postSolution
		SolutionGuid = {0B0DF4FF-24DF-4C3D-ABF9-B3AC5297FF8E}
	EndGlobalSection
EndGlobal
